
Microsoft Visual Studio Solution File, Format Version 12.00
# Visual Studio Version 17
VisualStudioVersion = 17.5.33424.131
MinimumVisualStudioVersion = 10.0.40219.1
Project("{FAE04EC0-301F-11D3-BF4B-00C04F79EFBC}") = "LinkedList_Prog", "LinkedList_Prog.csproj", "{E9AEFFB4-5D4C-420F-A24D-CC38CC2E56D4}"
EndProject
Global
	GlobalSection(SolutionConfigurationPlatforms) = preSolution
		Debug|Any CPU = Debug|Any CPU
		Release|Any CPU = Release|Any CPU
	EndGlobalSection
	GlobalSection(ProjectConfigurationPlatforms) = postSolution
		{E9AEFFB4-5D4C-420F-A24D-CC38CC2E56D4}.Debug|Any CPU.ActiveCfg = Debug|Any CPU
		{E9AEFFB4-5D4C-420F-A24D-CC38CC2E56D4}.Debug|Any CPU.Build.0 = Debug|Any CPU
		{E9AEFFB4-5D4C-420F-A24D-CC38CC2E56D4}.Release|Any CPU.ActiveCfg = Release|Any CPU
		{E9AEFFB4-5D4C-420F-A24D-CC38CC2E56D4}.Release|Any CPU.Build.0 = Release|Any CPU
	EndGlobalSection
	GlobalSection(SolutionProperties) = preSolution
		HideSolutionNode = FALSE
	EndGlobalSection
	GlobalSection(ExtensibilityGlobals) = postSolution
		SolutionGuid = {FCB33326-4D7E-4D39-990E-8D62E328440E}
	EndGlobalSection
EndGlobal
